<?xml version="1.0" encoding="utf-8"?>
<Project ToolsVersion="4.0" xmlns="http://schemas.microsoft.com/developer/msbuild/2003">
  <ItemGroup>
    <Filter Include="build">
      <UniqueIdentifier>{eb333797-8356-4cae-953c-ab993e57849b}</UniqueIdentifier>
    </Filter>
    <Filter Include="src">
      <UniqueIdentifier>{690441e2-6ae1-495a-963c-e7bcc9d1619a}</UniqueIdentifier>
    </Filter>
    <Filter Include="src\SourceFile">
      <UniqueIdentifier>{4FC737F1-C7A5-4376-A066-2A32D752A2FF}</UniqueIdentifier>
      <Extensions>cpp;c;cc;cxx;c++;cppm;ixx;def;odl;idl;hpj;bat;asm;asmx</Extensions>
    </Filter>
    <Filter Include="src\SourceFile\Pages">
      <UniqueIdentifier>{656bbb25-764b-497f-afad-dd6fae5455c6}</UniqueIdentifier>
    </Filter>
    <Filter Include="src\SourceFile\Buttons">
      <UniqueIdentifier>{5f118cf0-0cad-48ab-87ee-c1e9e7d48d1d}</UniqueIdentifier>
    </Filter>
    <Filter Include="src\Head">
      <UniqueIdentifier>{93995380-89BD-4b04-88EB-625FBE52EBFB}</UniqueIdentifier>
      <Extensions>h;hh;hpp;hxx;h++;hm;inl;inc;ipp;xsd</Extensions>
    </Filter>
  </ItemGroup>
  <ItemGroup>
    <ClCompile Include="main.cpp">
      <Filter>src\SourceFile</Filter>
    </ClCompile>
    <ClCompile Include="Page_menu.cpp">
      <Filter>src\SourceFile\Pages</Filter>
    </ClCompile>
    <ClCompile Include="Button.cpp">
      <Filter>src\SourceFile\Buttons</Filter>
    </ClCompile>
    <ClCompile Include="Page_game.cpp">
      <Filter>src\SourceFile\Pages</Filter>
    </ClCompile>
    <ClCompile Include="Page_setting.cpp">
      <Filter>src\SourceFile\Pages</Filter>
    </ClCompile>
    <ClCompile Include="Initialization.cpp">
      <Filter>src\SourceFile</Filter>
    </ClCompile>
    <ClCompile Include="Page_save.cpp">
      <Filter>src\SourceFile\Pages</Filter>
    </ClCompile>
    <ClCompile Include="Account.cpp">
      <Filter>src\SourceFile</Filter>
    </ClCompile>
    <ClCompile Include="Toolbox.cpp">
      <Filter>src\SourceFile</Filter>
    </ClCompile>
    <ClCompile Include="Player.cpp">
      <Filter>src\SourceFile</Filter>
    </ClCompile>
    <ClCompile Include="Page_rank.cpp">
      <Filter>src\SourceFile</Filter>
    </ClCompile>
  </ItemGroup>
  <ItemGroup>
    <ClInclude Include="Page.h">
      <Filter>src\Head</Filter>
    </ClInclude>
    <ClInclude Include="Button.h">
      <Filter>src\Head</Filter>
    </ClInclude>
    <ClInclude Include="Mouse.h">
      <Filter>src\Head</Filter>
    </ClInclude>
    <ClInclude Include="Initialization.h">
      <Filter>src\Head</Filter>
    </ClInclude>
    <ClInclude Include="Currentpage.h">
      <Filter>src\Head</Filter>
    </ClInclude>
    <ClInclude Include="Account.h">
      <Filter>src\Head</Filter>
    </ClInclude>
    <ClInclude Include="Toolbox.h">
      <Filter>src\Head</Filter>
    </ClInclude>
    <ClInclude Include="Player.h">
      <Filter>src\Head</Filter>
    </ClInclude>
  </ItemGroup>
  <ItemGroup>
    <Text Include="README.md" />
    <Text Include="Dates.txt">
      <Filter>src</Filter>
    </Text>
    <Text Include="Account.txt" />
  </ItemGroup>
  <ItemGroup>
    <None Include="CMakeLists.txt" />
    <None Include="text.text">
      <Filter>src</Filter>
    </None>
  </ItemGroup>
</Project>